{
  "version": 4,
  "terraform_version": "1.13.4",
  "serial": 8,
  "lineage": "c0de76b8-a66a-9357-3757-73258c01af60",
  "outputs": {
    "bucket_name": {
      "value": "infra-prova-ad045e87",
      "type": "string"
    }
  },
  "resources": [
    {
      "mode": "managed",
      "type": "aws_iam_user",
      "name": "lab_user",
      "provider": "provider[\"registry.terraform.io/hashicorp/aws\"].localstack",
      "instances": [
        {
          "schema_version": 0,
          "attributes": {
            "arn": "arn:aws:iam::000000000000:user/infra_prova_user",
            "force_destroy": false,
            "id": "infra_prova_user",
            "name": "infra_prova_user",
            "path": "/",
            "permissions_boundary": "",
            "tags": {},
            "tags_all": {},
            "unique_id": "0qqljj3ydqhzs51ci415"
          },
          "sensitive_attributes": [],
          "identity_schema_version": 0,
          "private": "bnVsbA=="
        }
      ]
    },
    {
      "mode": "managed",
      "type": "aws_iam_user",
      "name": "lab_user_2",
      "provider": "provider[\"registry.terraform.io/hashicorp/aws\"].localstack",
      "instances": [
        {
          "schema_version": 0,
          "attributes": {
            "arn": "arn:aws:iam::000000000000:user/infra_prova_user_2",
            "force_destroy": false,
            "id": "infra_prova_user_2",
            "name": "infra_prova_user_2",
            "path": "/",
            "permissions_boundary": "",
            "tags": {},
            "tags_all": {},
            "unique_id": "2ve949una6uvz8txcwhr"
          },
          "sensitive_attributes": [],
          "identity_schema_version": 0,
          "private": "bnVsbA=="
        }
      ]
    },
    {
      "mode": "managed",
      "type": "random_id",
      "name": "suffix",
      "provider": "provider[\"registry.terraform.io/hashicorp/random\"]",
      "instances": [
        {
          "schema_version": 0,
          "attributes": {
            "b64_std": "rQRehw==",
            "b64_url": "rQRehw",
            "byte_length": 4,
            "dec": "2902744711",
            "hex": "ad045e87",
            "id": "rQRehw",
            "keepers": null,
            "prefix": null
          },
          "sensitive_attributes": [],
          "identity_schema_version": 0
        }
      ]
    }
  ],
  "check_results": null
}
